// !$*UTF8*$!
{
	archiveVersion = 1;
	classes = {
	};
	objectVersion = 50;
	objects = {

/* Begin PBXBuildFile section */
		4B1BF82F240DD1AA007F7527 /* Sentence.cpp in Sources */ = {isa = PBXBuildFile; fileRef = 4B1BF82D240DD1AA007F7527 /* Sentence.cpp */; };
		4B1BF832240DD5F4007F7527 /* Reader.cpp in Sources */ = {isa = PBXBuildFile; fileRef = 4B1BF830240DD5F4007F7527 /* Reader.cpp */; };
		4B1BF836240DE090007F7527 /* StoryAccess.cpp in Sources */ = {isa = PBXBuildFile; fileRef = 4B1BF834240DE090007F7527 /* StoryAccess.cpp */; };
		4B1BF839240DE09F007F7527 /* DictionaryAccess.cpp in Sources */ = {isa = PBXBuildFile; fileRef = 4B1BF837240DE09F007F7527 /* DictionaryAccess.cpp */; };
		4B1BF83F240E97D7007F7527 /* Data.cpp in Sources */ = {isa = PBXBuildFile; fileRef = 4B1BF83D240E97D7007F7527 /* Data.cpp */; };
		4BDE6189240D6B13008106A9 /* main.cpp in Sources */ = {isa = PBXBuildFile; fileRef = 4BDE6188240D6B13008106A9 /* main.cpp */; };
		4BDE6194240D6C0E008106A9 /* output.txt in Sources */ = {isa = PBXBuildFile; fileRef = 4BDE6193240D6C0E008106A9 /* output.txt */; };
/* End PBXBuildFile section */

/* Begin PBXCopyFilesBuildPhase section */
		4BDE6183240D6B13008106A9 /* CopyFiles */ = {
			isa = PBXCopyFilesBuildPhase;
			buildActionMask = 2147483647;
			dstPath = /usr/share/man/man1/;
			dstSubfolderSpec = 0;
			files = (
			);
			runOnlyForDeploymentPostprocessing = 1;
		};
/* End PBXCopyFilesBuildPhase section */

/* Begin PBXFileReference section */
		4B1BF82D240DD1AA007F7527 /* Sentence.cpp */ = {isa = PBXFileReference; lastKnownFileType = sourcecode.cpp.cpp; path = Sentence.cpp; sourceTree = "<group>"; };
		4B1BF82E240DD1AA007F7527 /* Sentence.hpp */ = {isa = PBXFileReference; lastKnownFileType = sourcecode.cpp.h; path = Sentence.hpp; sourceTree = "<group>"; };
		4B1BF830240DD5F4007F7527 /* Reader.cpp */ = {isa = PBXFileReference; lastKnownFileType = sourcecode.cpp.cpp; path = Reader.cpp; sourceTree = "<group>"; };
		4B1BF831240DD5F4007F7527 /* Reader.hpp */ = {isa = PBXFileReference; lastKnownFileType = sourcecode.cpp.h; path = Reader.hpp; sourceTree = "<group>"; };
		4B1BF834240DE090007F7527 /* StoryAccess.cpp */ = {isa = PBXFileReference; lastKnownFileType = sourcecode.cpp.cpp; path = StoryAccess.cpp; sourceTree = "<group>"; };
		4B1BF835240DE090007F7527 /* StoryAccess.hpp */ = {isa = PBXFileReference; lastKnownFileType = sourcecode.cpp.h; path = StoryAccess.hpp; sourceTree = "<group>"; };
		4B1BF837240DE09F007F7527 /* DictionaryAccess.cpp */ = {isa = PBXFileReference; lastKnownFileType = sourcecode.cpp.cpp; path = DictionaryAccess.cpp; sourceTree = "<group>"; };
		4B1BF838240DE09F007F7527 /* DictionaryAccess.hpp */ = {isa = PBXFileReference; lastKnownFileType = sourcecode.cpp.h; path = DictionaryAccess.hpp; sourceTree = "<group>"; };
		4B1BF83B240DE0F7007F7527 /* Tense.hpp */ = {isa = PBXFileReference; lastKnownFileType = sourcecode.cpp.h; path = Tense.hpp; sourceTree = "<group>"; };
		4B1BF83D240E97D7007F7527 /* Data.cpp */ = {isa = PBXFileReference; lastKnownFileType = sourcecode.cpp.cpp; path = Data.cpp; sourceTree = "<group>"; };
		4B1BF83E240E97D7007F7527 /* Data.hpp */ = {isa = PBXFileReference; lastKnownFileType = sourcecode.cpp.h; path = Data.hpp; sourceTree = "<group>"; };
		4B1BF842240E9A08007F7527 /* libcurl.4.tbd */ = {isa = PBXFileReference; lastKnownFileType = "sourcecode.text-based-dylib-definition"; name = libcurl.4.tbd; path = usr/lib/libcurl.4.tbd; sourceTree = SDKROOT; };
		4B1BF843240E9A39007F7527 /* libcurl.tbd */ = {isa = PBXFileReference; lastKnownFileType = "sourcecode.text-based-dylib-definition"; name = libcurl.tbd; path = usr/lib/libcurl.tbd; sourceTree = SDKROOT; };
		4BDE6185240D6B13008106A9 /* StoryCreator */ = {isa = PBXFileReference; explicitFileType = "compiled.mach-o.executable"; includeInIndex = 0; path = StoryCreator; sourceTree = BUILT_PRODUCTS_DIR; };
		4BDE6188240D6B13008106A9 /* main.cpp */ = {isa = PBXFileReference; lastKnownFileType = sourcecode.cpp.cpp; path = main.cpp; sourceTree = "<group>"; };
		4BDE6193240D6C0E008106A9 /* output.txt */ = {isa = PBXFileReference; lastKnownFileType = text; path = output.txt; sourceTree = "<group>"; };
		4BDE6196240D7ED8008106A9 /* Word.hpp */ = {isa = PBXFileReference; lastKnownFileType = sourcecode.cpp.h; path = Word.hpp; sourceTree = "<group>"; };
/* End PBXFileReference section */

/* Begin PBXFrameworksBuildPhase section */
		4BDE6182240D6B13008106A9 /* Frameworks */ = {
			isa = PBXFrameworksBuildPhase;
			buildActionMask = 2147483647;
			files = (
			);
			runOnlyForDeploymentPostprocessing = 0;
		};
/* End PBXFrameworksBuildPhase section */

/* Begin PBXGroup section */
		4B1BF833240DE077007F7527 /* Web Access */ = {
			isa = PBXGroup;
			children = (
				4B1BF834240DE090007F7527 /* StoryAccess.cpp */,
				4B1BF835240DE090007F7527 /* StoryAccess.hpp */,
				4B1BF837240DE09F007F7527 /* DictionaryAccess.cpp */,
				4B1BF838240DE09F007F7527 /* DictionaryAccess.hpp */,
			);
			path = "Web Access";
			sourceTree = "<group>";
		};
		4B1BF840240E9A01007F7527 /* Frameworks */ = {
			isa = PBXGroup;
			children = (
				4B1BF843240E9A39007F7527 /* libcurl.tbd */,
				4B1BF842240E9A08007F7527 /* libcurl.4.tbd */,
			);
			name = Frameworks;
			sourceTree = "<group>";
		};
		4BDE617C240D6B13008106A9 = {
			isa = PBXGroup;
			children = (
				4BDE6187240D6B13008106A9 /* StoryCreator */,
				4BDE6186240D6B13008106A9 /* Products */,
				4B1BF840240E9A01007F7527 /* Frameworks */,
			);
			sourceTree = "<group>";
		};
		4BDE6186240D6B13008106A9 /* Products */ = {
			isa = PBXGroup;
			children = (
				4BDE6185240D6B13008106A9 /* StoryCreator */,
			);
			name = Products;
			sourceTree = "<group>";
		};
		4BDE6187240D6B13008106A9 /* StoryCreator */ = {
			isa = PBXGroup;
			children = (
				4B1BF833240DE077007F7527 /* Web Access */,
				4BDE6191240D6BE0008106A9 /* StoryData */,
				4BDE6190240D6BD8008106A9 /* Sentence */,
				4BDE6188240D6B13008106A9 /* main.cpp */,
				4B1BF83D240E97D7007F7527 /* Data.cpp */,
				4B1BF83E240E97D7007F7527 /* Data.hpp */,
				4BDE6193240D6C0E008106A9 /* output.txt */,
			);
			path = StoryCreator;
			sourceTree = "<group>";
		};
		4BDE6190240D6BD8008106A9 /* Sentence */ = {
			isa = PBXGroup;
			children = (
				4BDE6196240D7ED8008106A9 /* Word.hpp */,
				4B1BF82D240DD1AA007F7527 /* Sentence.cpp */,
				4B1BF82E240DD1AA007F7527 /* Sentence.hpp */,
				4B1BF83B240DE0F7007F7527 /* Tense.hpp */,
			);
			path = Sentence;
			sourceTree = "<group>";
		};
		4BDE6191240D6BE0008106A9 /* StoryData */ = {
			isa = PBXGroup;
			children = (
				4B1BF830240DD5F4007F7527 /* Reader.cpp */,
				4B1BF831240DD5F4007F7527 /* Reader.hpp */,
			);
			path = StoryData;
			sourceTree = "<group>";
		};
/* End PBXGroup section */

/* Begin PBXNativeTarget section */
		4BDE6184240D6B13008106A9 /* StoryCreator */ = {
			isa = PBXNativeTarget;
			buildConfigurationList = 4BDE618C240D6B13008106A9 /* Build configuration list for PBXNativeTarget "StoryCreator" */;
			buildPhases = (
				4BDE6181240D6B13008106A9 /* Sources */,
				4BDE6182240D6B13008106A9 /* Frameworks */,
				4BDE6183240D6B13008106A9 /* CopyFiles */,
			);
			buildRules = (
			);
			dependencies = (
			);
			name = StoryCreator;
			productName = StoryCreator;
			productReference = 4BDE6185240D6B13008106A9 /* StoryCreator */;
			productType = "com.apple.product-type.tool";
		};
/* End PBXNativeTarget section */

/* Begin PBXProject section */
		4BDE617D240D6B13008106A9 /* Project object */ = {
			isa = PBXProject;
			attributes = {
				LastUpgradeCheck = 1100;
				ORGANIZATIONNAME = "Tom Flatley";
				TargetAttributes = {
					4BDE6184240D6B13008106A9 = {
						CreatedOnToolsVersion = 11.0;
					};
				};
			};
			buildConfigurationList = 4BDE6180240D6B13008106A9 /* Build configuration list for PBXProject "StoryCreator" */;
			compatibilityVersion = "Xcode 9.3";
			developmentRegion = en;
			hasScannedForEncodings = 0;
			knownRegions = (
				en,
				Base,
			);
			mainGroup = 4BDE617C240D6B13008106A9;
			productRefGroup = 4BDE6186240D6B13008106A9 /* Products */;
			projectDirPath = "";
			projectRoot = "";
			targets = (
				4BDE6184240D6B13008106A9 /* StoryCreator */,
			);
		};
/* End PBXProject section */

/* Begin PBXSourcesBuildPhase section */
		4BDE6181240D6B13008106A9 /* Sources */ = {
			isa = PBXSourcesBuildPhase;
			buildActionMask = 2147483647;
			files = (
				4BDE6194240D6C0E008106A9 /* output.txt in Sources */,
				4B1BF836240DE090007F7527 /* StoryAccess.cpp in Sources */,
				4B1BF83F240E97D7007F7527 /* Data.cpp in Sources */,
				4BDE6189240D6B13008106A9 /* main.cpp in Sources */,
				4B1BF839240DE09F007F7527 /* DictionaryAccess.cpp in Sources */,
				4B1BF832240DD5F4007F7527 /* Reader.cpp in Sources */,
				4B1BF82F240DD1AA007F7527 /* Sentence.cpp in Sources */,
			);
			runOnlyForDeploymentPostprocessing = 0;
		};
/* End PBXSourcesBuildPhase section */

/* Begin XCBuildConfiguration section */
		4BDE618A240D6B13008106A9 /* Debug */ = {
			isa = XCBuildConfiguration;
			buildSettings = {
				ALWAYS_SEARCH_USER_PATHS = NO;
				CLANG_ANALYZER_NONNULL = YES;
				CLANG_ANALYZER_NUMBER_OBJECT_CONVERSION = YES_AGGRESSIVE;
				CLANG_CXX_LANGUAGE_STANDARD = "gnu++14";
				CLANG_CXX_LIBRARY = "libc++";
				CLANG_ENABLE_MODULES = YES;
				CLANG_ENABLE_OBJC_ARC = YES;
				CLANG_ENABLE_OBJC_WEAK = YES;
				CLANG_WARN_BLOCK_CAPTURE_AUTORELEASING = YES;
				CLANG_WARN_BOOL_CONVERSION = YES;
				CLANG_WARN_COMMA = YES;
				CLANG_WARN_CONSTANT_CONVERSION = YES;
				CLANG_WARN_DEPRECATED_OBJC_IMPLEMENTATIONS = YES;
				CLANG_WARN_DIRECT_OBJC_ISA_USAGE = YES_ERROR;
				CLANG_WARN_DOCUMENTATION_COMMENTS = YES;
				CLANG_WARN_EMPTY_BODY = YES;
				CLANG_WARN_ENUM_CONVERSION = YES;
				CLANG_WARN_INFINITE_RECURSION = YES;
				CLANG_WARN_INT_CONVERSION = YES;
				CLANG_WARN_NON_LITERAL_NULL_CONVERSION = YES;
				CLANG_WARN_OBJC_IMPLICIT_RETAIN_SELF = YES;
				CLANG_WARN_OBJC_LITERAL_CONVERSION = YES;
				CLANG_WARN_OBJC_ROOT_CLASS = YES_ERROR;
				CLANG_WARN_RANGE_LOOP_ANALYSIS = YES;
				CLANG_WARN_STRICT_PROTOTYPES = YES;
				CLANG_WARN_SUSPICIOUS_MOVE = YES;
				CLANG_WARN_UNGUARDED_AVAILABILITY = YES_AGGRESSIVE;
				CLANG_WARN_UNREACHABLE_CODE = YES;
				CLANG_WARN__DUPLICATE_METHOD_MATCH = YES;
				COPY_PHASE_STRIP = NO;
				DEBUG_INFORMATION_FORMAT = dwarf;
				ENABLE_STRICT_OBJC_MSGSEND = YES;
				ENABLE_TESTABILITY = YES;
				GCC_C_LANGUAGE_STANDARD = gnu11;
				GCC_DYNAMIC_NO_PIC = NO;
				GCC_NO_COMMON_BLOCKS = YES;
				GCC_OPTIMIZATION_LEVEL = 0;
				GCC_PREPROCESSOR_DEFINITIONS = (
					"DEBUG=1",
					"$(inherited)",
				);
				GCC_WARN_64_TO_32_BIT_CONVERSION = YES;
				GCC_WARN_ABOUT_RETURN_TYPE = YES_ERROR;
				GCC_WARN_UNDECLARED_SELECTOR = YES;
				GCC_WARN_UNINITIALIZED_AUTOS = YES_AGGRESSIVE;
				GCC_WARN_UNUSED_FUNCTION = YES;
				GCC_WARN_UNUSED_VARIABLE = YES;
				MACOSX_DEPLOYMENT_TARGET = 10.14;
				MTL_ENABLE_DEBUG_INFO = INCLUDE_SOURCE;
				MTL_FAST_MATH = YES;
				ONLY_ACTIVE_ARCH = YES;
				SDKROOT = macosx;
			};
			name = Debug;
		};
		4BDE618B240D6B13008106A9 /* Release */ = {
			isa = XCBuildConfiguration;
			buildSettings = {
				ALWAYS_SEARCH_USER_PATHS = NO;
				CLANG_ANALYZER_NONNULL = YES;
				CLANG_ANALYZER_NUMBER_OBJECT_CONVERSION = YES_AGGRESSIVE;
				CLANG_CXX_LANGUAGE_STANDARD = "gnu++14";
				CLANG_CXX_LIBRARY = "libc++";
				CLANG_ENABLE_MODULES = YES;
				CLANG_ENABLE_OBJC_ARC = YES;
				CLANG_ENABLE_OBJC_WEAK = YES;
				CLANG_WARN_BLOCK_CAPTURE_AUTORELEASING = YES;
				CLANG_WARN_BOOL_CONVERSION = YES;
				CLANG_WARN_COMMA = YES;
				CLANG_WARN_CONSTANT_CONVERSION = YES;
				CLANG_WARN_DEPRECATED_OBJC_IMPLEMENTATIONS = YES;
				CLANG_WARN_DIRECT_OBJC_ISA_USAGE = YES_ERROR;
				CLANG_WARN_DOCUMENTATION_COMMENTS = YES;
				CLANG_WARN_EMPTY_BODY = YES;
				CLANG_WARN_ENUM_CONVERSION = YES;
				CLANG_WARN_INFINITE_RECURSION = YES;
				CLANG_WARN_INT_CONVERSION = YES;
				CLANG_WARN_NON_LITERAL_NULL_CONVERSION = YES;
				CLANG_WARN_OBJC_IMPLICIT_RETAIN_SELF = YES;
				CLANG_WARN_OBJC_LITERAL_CONVERSION = YES;
				CLANG_WARN_OBJC_ROOT_CLASS = YES_ERROR;
				CLANG_WARN_RANGE_LOOP_ANALYSIS = YES;
				CLANG_WARN_STRICT_PROTOTYPES = YES;
				CLANG_WARN_SUSPICIOUS_MOVE = YES;
				CLANG_WARN_UNGUARDED_AVAILABILITY = YES_AGGRESSIVE;
				CLANG_WARN_UNREACHABLE_CODE = YES;
				CLANG_WARN__DUPLICATE_METHOD_MATCH = YES;
				COPY_PHASE_STRIP = NO;
				DEBUG_INFORMATION_FORMAT = "dwarf-with-dsym";
				ENABLE_NS_ASSERTIONS = NO;
				ENABLE_STRICT_OBJC_MSGSEND = YES;
				GCC_C_LANGUAGE_STANDARD = gnu11;
				GCC_NO_COMMON_BLOCKS = YES;
				GCC_WARN_64_TO_32_BIT_CONVERSION = YES;
				GCC_WARN_ABOUT_RETURN_TYPE = YES_ERROR;
				GCC_WARN_UNDECLARED_SELECTOR = YES;
				GCC_WARN_UNINITIALIZED_AUTOS = YES_AGGRESSIVE;
				GCC_WARN_UNUSED_FUNCTION = YES;
				GCC_WARN_UNUSED_VARIABLE = YES;
				MACOSX_DEPLOYMENT_TARGET = 10.14;
				MTL_ENABLE_DEBUG_INFO = NO;
				MTL_FAST_MATH = YES;
				SDKROOT = macosx;
			};
			name = Release;
		};
		4BDE618D240D6B13008106A9 /* Debug */ = {
			isa = XCBuildConfiguration;
			buildSettings = {
				CODE_SIGN_STYLE = Automatic;
				DEVELOPMENT_TEAM = B5M3MQ8D5M;
				ENABLE_HARDENED_RUNTIME = YES;
				PRODUCT_NAME = "$(TARGET_NAME)";
			};
			name = Debug;
		};
		4BDE618E240D6B13008106A9 /* Release */ = {
			isa = XCBuildConfiguration;
			buildSettings = {
				CODE_SIGN_STYLE = Automatic;
				DEVELOPMENT_TEAM = B5M3MQ8D5M;
				ENABLE_HARDENED_RUNTIME = YES;
				PRODUCT_NAME = "$(TARGET_NAME)";
			};
			name = Release;
		};
/* End XCBuildConfiguration section */

/* Begin XCConfigurationList section */
		4BDE6180240D6B13008106A9 /* Build configuration list for PBXProject "StoryCreator" */ = {
			isa = XCConfigurationList;
			buildConfigurations = (
				4BDE618A240D6B13008106A9 /* Debug */,
				4BDE618B240D6B13008106A9 /* Release */,
			);
			defaultConfigurationIsVisible = 0;
			defaultConfigurationName = Release;
		};
		4BDE618C240D6B13008106A9 /* Build configuration list for PBXNativeTarget "StoryCreator" */ = {
			isa = XCConfigurationList;
			buildConfigurations = (
				4BDE618D240D6B13008106A9 /* Debug */,
				4BDE618E240D6B13008106A9 /* Release */,
			);
			defaultConfigurationIsVisible = 0;
			defaultConfigurationName = Release;
		};
/* End XCConfigurationList section */
	};
	rootObject = 4BDE617D240D6B13008106A9 /* Project object */;
}
